
Microsoft Visual Studio Solution File, Format Version 12.00
# Visual Studio Version 16
VisualStudioVersion = 25.0.1703.8
MinimumVisualStudioVersion = 10.0.40219.1
Project("{FAE04EC0-301F-11D3-BF4B-00C04F79EFBC}") = "RabbitMq.Producer", "RabbitMq.Producer.csproj", "{F703EFB6-0477-4A14-A1AE-E43AE2CAC9DC}"
EndProject
Project("{FAE04EC0-301F-11D3-BF4B-00C04F79EFBC}") = "RabbitMq.ConsumerConsole", "..\RabbitMq.ConsumerConsole\RabbitMq.ConsumerConsole.csproj", "{36E519F6-9830-4A42-875B-F88A3274F4BC}"
EndProject
Global
	GlobalSection(SolutionConfigurationPlatforms) = preSolution
		Debug|Any CPU = Debug|Any CPU
		Release|Any CPU = Release|Any CPU
	EndGlobalSection
	GlobalSection(ProjectConfigurationPlatforms) = postSolution
		{F703EFB6-0477-4A14-A1AE-E43AE2CAC9DC}.Debug|Any CPU.ActiveCfg = Debug|Any CPU
		{F703EFB6-0477-4A14-A1AE-E43AE2CAC9DC}.Debug|Any CPU.Build.0 = Debug|Any CPU
		{F703EFB6-0477-4A14-A1AE-E43AE2CAC9DC}.Release|Any CPU.ActiveCfg = Release|Any CPU
		{F703EFB6-0477-4A14-A1AE-E43AE2CAC9DC}.Release|Any CPU.Build.0 = Release|Any CPU
		{36E519F6-9830-4A42-875B-F88A3274F4BC}.Debug|Any CPU.ActiveCfg = Debug|Any CPU
		{36E519F6-9830-4A42-875B-F88A3274F4BC}.Debug|Any CPU.Build.0 = Debug|Any CPU
		{36E519F6-9830-4A42-875B-F88A3274F4BC}.Release|Any CPU.ActiveCfg = Release|Any CPU
		{36E519F6-9830-4A42-875B-F88A3274F4BC}.Release|Any CPU.Build.0 = Release|Any CPU
	EndGlobalSection
	GlobalSection(SolutionProperties) = preSolution
		HideSolutionNode = FALSE
	EndGlobalSection
	GlobalSection(ExtensibilityGlobals) = postSolution
		SolutionGuid = {A6D5DC56-4DF4-4259-BD29-4BABF303079D}
	EndGlobalSection
EndGlobal
